
Microsoft Visual Studio Solution File, Format Version 12.00
# Visual Studio Version 17
VisualStudioVersion = 17.9.34728.123
MinimumVisualStudioVersion = 10.0.40219.1
Project("{FAE04EC0-301F-11D3-BF4B-00C04F79EFBC}") = "Web.GameStoreMVC", "Web.GameStoreMVC\Web.GameStoreMVC.csproj", "{4113497A-AEB3-41B0-8A57-D8FA69358EF9}"
EndProject
Global
	GlobalSection(SolutionConfigurationPlatforms) = preSolution
		Debug|Any CPU = Debug|Any CPU
		Release|Any CPU = Release|Any CPU
	EndGlobalSection
	GlobalSection(ProjectConfigurationPlatforms) = postSolution
		{4113497A-AEB3-41B0-8A57-D8FA69358EF9}.Debug|Any CPU.ActiveCfg = Debug|Any CPU
		{4113497A-AEB3-41B0-8A57-D8FA69358EF9}.Debug|Any CPU.Build.0 = Debug|Any CPU
		{4113497A-AEB3-41B0-8A57-D8FA69358EF9}.Release|Any CPU.ActiveCfg = Release|Any CPU
		{4113497A-AEB3-41B0-8A57-D8FA69358EF9}.Release|Any CPU.Build.0 = Release|Any CPU
	EndGlobalSection
	GlobalSection(SolutionProperties) = preSolution
		HideSolutionNode = FALSE
	EndGlobalSection
	GlobalSection(ExtensibilityGlobals) = postSolution
		SolutionGuid = {5B558033-441C-4B32-98D7-7153631669B2}
	EndGlobalSection
EndGlobal
